
Microsoft Visual Studio Solution File, Format Version 12.00
# Visual Studio Version 17
VisualStudioVersion = 17.10.35122.118
MinimumVisualStudioVersion = 10.0.40219.1
Project("{8BC9CEB8-8B4A-11D0-8D11-00A0C91BC942}") = "01_IntroToCPlusPlus", "01_IntroToCPlusPlus\01_IntroToCPlusPlus.vcxproj", "{E450B247-CFDA-4CE2-87D7-3E65DC2C182D}"
EndProject
Project("{8BC9CEB8-8B4A-11D0-8D11-00A0C91BC942}") = "02_LogicOperators", "02_LogicOperators\02_LogicOperators.vcxproj", "{4AD32B64-35FD-45AF-B01E-2D47B8C1B1F4}"
EndProject
Project("{8BC9CEB8-8B4A-11D0-8D11-00A0C91BC942}") = "03_SwitchEnum", "03_SwitchEnum\03_SwitchEnum.vcxproj", "{65C520EA-5D5B-466D-A81D-DAC72CB021CB}"
EndProject
Project("{8BC9CEB8-8B4A-11D0-8D11-00A0C91BC942}") = "04_While", "04_While\04_While.vcxproj", "{FF0E2BD6-D811-482E-8940-BA4B497612EE}"
EndProject
Project("{8BC9CEB8-8B4A-11D0-8D11-00A0C91BC942}") = "05_For", "05_For\05_For.vcxproj", "{03AE723F-506C-4915-8346-2415C3BDDDFE}"
EndProject
Project("{8BC9CEB8-8B4A-11D0-8D11-00A0C91BC942}") = "06_IncludeCycles", "06_IncludeCycles\06_IncludeCycles.vcxproj", "{FAB6E6CB-D3DB-4A56-AD53-E9BDE96AF656}"
EndProject
Project("{8BC9CEB8-8B4A-11D0-8D11-00A0C91BC942}") = "07_Array", "07_Array\07_Array.vcxproj", "{AAC4CC59-6E0C-4FB3-A69A-DB3B58C4860A}"
EndProject
Project("{8BC9CEB8-8B4A-11D0-8D11-00A0C91BC942}") = "08_RandomMatrix", "08_RandomMatrix\08_RandomMatrix.vcxproj", "{3A785226-DBF6-445E-B4F3-CE2BA1864640}"
EndProject
Project("{8BC9CEB8-8B4A-11D0-8D11-00A0C91BC942}") = "09_Functions", "09_Functions\09_Functions.vcxproj", "{300BE814-72D0-4C10-ABF5-6E227D61BE72}"
EndProject
Project("{8BC9CEB8-8B4A-11D0-8D11-00A0C91BC942}") = "10_OverloadFunctionTemplate", "10_OverloadFunctionTemplate\10_OverloadFunctionTemplate.vcxproj", "{A5DA8528-3D01-41EC-8D7D-168C46A20EAB}"
EndProject
Project("{8BC9CEB8-8B4A-11D0-8D11-00A0C91BC942}") = "11_LinearSearchSort", "11_LinearSearchSort\11_LinearSearchSort.vcxproj", "{98C5D63D-1310-4E47-BE43-C6BE25153595}"
EndProject
Project("{8BC9CEB8-8B4A-11D0-8D11-00A0C91BC942}") = "12_Pointer", "12_Pointer\12_Pointer.vcxproj", "{648A10B5-D211-49AA-A0DA-67B8B82261E4}"
EndProject
Project("{8BC9CEB8-8B4A-11D0-8D11-00A0C91BC942}") = "13_PointerInFunctionLinks", "13_PointerInFunctionLinks\13_PointerInFunctionLinks.vcxproj", "{8B7D6DF6-8F1F-4807-90D1-929765EEBB25}"
EndProject
Project("{8BC9CEB8-8B4A-11D0-8D11-00A0C91BC942}") = "14_Links", "14_Links\14_Links.vcxproj", "{6DF7CDC1-7A8E-4997-BF15-5618AB39E10E}"
EndProject
Global
	GlobalSection(SolutionConfigurationPlatforms) = preSolution
		Debug|x64 = Debug|x64
		Debug|x86 = Debug|x86
		Release|x64 = Release|x64
		Release|x86 = Release|x86
	EndGlobalSection
	GlobalSection(ProjectConfigurationPlatforms) = postSolution
		{E450B247-CFDA-4CE2-87D7-3E65DC2C182D}.Debug|x64.ActiveCfg = Debug|x64
		{E450B247-CFDA-4CE2-87D7-3E65DC2C182D}.Debug|x64.Build.0 = Debug|x64
		{E450B247-CFDA-4CE2-87D7-3E65DC2C182D}.Debug|x86.ActiveCfg = Debug|Win32
		{E450B247-CFDA-4CE2-87D7-3E65DC2C182D}.Debug|x86.Build.0 = Debug|Win32
		{E450B247-CFDA-4CE2-87D7-3E65DC2C182D}.Release|x64.ActiveCfg = Release|x64
		{E450B247-CFDA-4CE2-87D7-3E65DC2C182D}.Release|x64.Build.0 = Release|x64
		{E450B247-CFDA-4CE2-87D7-3E65DC2C182D}.Release|x86.ActiveCfg = Release|Win32
		{E450B247-CFDA-4CE2-87D7-3E65DC2C182D}.Release|x86.Build.0 = Release|Win32
		{4AD32B64-35FD-45AF-B01E-2D47B8C1B1F4}.Debug|x64.ActiveCfg = Debug|x64
		{4AD32B64-35FD-45AF-B01E-2D47B8C1B1F4}.Debug|x64.Build.0 = Debug|x64
		{4AD32B64-35FD-45AF-B01E-2D47B8C1B1F4}.Debug|x86.ActiveCfg = Debug|Win32
		{4AD32B64-35FD-45AF-B01E-2D47B8C1B1F4}.Debug|x86.Build.0 = Debug|Win32
		{4AD32B64-35FD-45AF-B01E-2D47B8C1B1F4}.Release|x64.ActiveCfg = Release|x64
		{4AD32B64-35FD-45AF-B01E-2D47B8C1B1F4}.Release|x64.Build.0 = Release|x64
		{4AD32B64-35FD-45AF-B01E-2D47B8C1B1F4}.Release|x86.ActiveCfg = Release|Win32
		{4AD32B64-35FD-45AF-B01E-2D47B8C1B1F4}.Release|x86.Build.0 = Release|Win32
		{65C520EA-5D5B-466D-A81D-DAC72CB021CB}.Debug|x64.ActiveCfg = Debug|x64
		{65C520EA-5D5B-466D-A81D-DAC72CB021CB}.Debug|x64.Build.0 = Debug|x64
		{65C520EA-5D5B-466D-A81D-DAC72CB021CB}.Debug|x86.ActiveCfg = Debug|Win32
		{65C520EA-5D5B-466D-A81D-DAC72CB021CB}.Debug|x86.Build.0 = Debug|Win32
		{65C520EA-5D5B-466D-A81D-DAC72CB021CB}.Release|x64.ActiveCfg = Release|x64
		{65C520EA-5D5B-466D-A81D-DAC72CB021CB}.Release|x64.Build.0 = Release|x64
		{65C520EA-5D5B-466D-A81D-DAC72CB021CB}.Release|x86.ActiveCfg = Release|Win32
		{65C520EA-5D5B-466D-A81D-DAC72CB021CB}.Release|x86.Build.0 = Release|Win32
		{FF0E2BD6-D811-482E-8940-BA4B497612EE}.Debug|x64.ActiveCfg = Debug|x64
		{FF0E2BD6-D811-482E-8940-BA4B497612EE}.Debug|x64.Build.0 = Debug|x64
		{FF0E2BD6-D811-482E-8940-BA4B497612EE}.Debug|x86.ActiveCfg = Debug|Win32
		{FF0E2BD6-D811-482E-8940-BA4B497612EE}.Debug|x86.Build.0 = Debug|Win32
		{FF0E2BD6-D811-482E-8940-BA4B497612EE}.Release|x64.ActiveCfg = Release|x64
		{FF0E2BD6-D811-482E-8940-BA4B497612EE}.Release|x64.Build.0 = Release|x64
		{FF0E2BD6-D811-482E-8940-BA4B497612EE}.Release|x86.ActiveCfg = Release|Win32
		{FF0E2BD6-D811-482E-8940-BA4B497612EE}.Release|x86.Build.0 = Release|Win32
		{03AE723F-506C-4915-8346-2415C3BDDDFE}.Debug|x64.ActiveCfg = Debug|x64
		{03AE723F-506C-4915-8346-2415C3BDDDFE}.Debug|x64.Build.0 = Debug|x64
		{03AE723F-506C-4915-8346-2415C3BDDDFE}.Debug|x86.ActiveCfg = Debug|Win32
		{03AE723F-506C-4915-8346-2415C3BDDDFE}.Debug|x86.Build.0 = Debug|Win32
		{03AE723F-506C-4915-8346-2415C3BDDDFE}.Release|x64.ActiveCfg = Release|x64
		{03AE723F-506C-4915-8346-2415C3BDDDFE}.Release|x64.Build.0 = Release|x64
		{03AE723F-506C-4915-8346-2415C3BDDDFE}.Release|x86.ActiveCfg = Release|Win32
		{03AE723F-506C-4915-8346-2415C3BDDDFE}.Release|x86.Build.0 = Release|Win32
		{FAB6E6CB-D3DB-4A56-AD53-E9BDE96AF656}.Debug|x64.ActiveCfg = Debug|x64
		{FAB6E6CB-D3DB-4A56-AD53-E9BDE96AF656}.Debug|x64.Build.0 = Debug|x64
		{FAB6E6CB-D3DB-4A56-AD53-E9BDE96AF656}.Debug|x86.ActiveCfg = Debug|Win32
		{FAB6E6CB-D3DB-4A56-AD53-E9BDE96AF656}.Debug|x86.Build.0 = Debug|Win32
		{FAB6E6CB-D3DB-4A56-AD53-E9BDE96AF656}.Release|x64.ActiveCfg = Release|x64
		{FAB6E6CB-D3DB-4A56-AD53-E9BDE96AF656}.Release|x64.Build.0 = Release|x64
		{FAB6E6CB-D3DB-4A56-AD53-E9BDE96AF656}.Release|x86.ActiveCfg = Release|Win32
		{FAB6E6CB-D3DB-4A56-AD53-E9BDE96AF656}.Release|x86.Build.0 = Release|Win32
		{AAC4CC59-6E0C-4FB3-A69A-DB3B58C4860A}.Debug|x64.ActiveCfg = Debug|x64
		{AAC4CC59-6E0C-4FB3-A69A-DB3B58C4860A}.Debug|x64.Build.0 = Debug|x64
		{AAC4CC59-6E0C-4FB3-A69A-DB3B58C4860A}.Debug|x86.ActiveCfg = Debug|Win32
		{AAC4CC59-6E0C-4FB3-A69A-DB3B58C4860A}.Debug|x86.Build.0 = Debug|Win32
		{AAC4CC59-6E0C-4FB3-A69A-DB3B58C4860A}.Release|x64.ActiveCfg = Release|x64
		{AAC4CC59-6E0C-4FB3-A69A-DB3B58C4860A}.Release|x64.Build.0 = Release|x64
		{AAC4CC59-6E0C-4FB3-A69A-DB3B58C4860A}.Release|x86.ActiveCfg = Release|Win32
		{AAC4CC59-6E0C-4FB3-A69A-DB3B58C4860A}.Release|x86.Build.0 = Release|Win32
		{3A785226-DBF6-445E-B4F3-CE2BA1864640}.Debug|x64.ActiveCfg = Debug|x64
		{3A785226-DBF6-445E-B4F3-CE2BA1864640}.Debug|x64.Build.0 = Debug|x64
		{3A785226-DBF6-445E-B4F3-CE2BA1864640}.Debug|x86.ActiveCfg = Debug|Win32
		{3A785226-DBF6-445E-B4F3-CE2BA1864640}.Debug|x86.Build.0 = Debug|Win32
		{3A785226-DBF6-445E-B4F3-CE2BA1864640}.Release|x64.ActiveCfg = Release|x64
		{3A785226-DBF6-445E-B4F3-CE2BA1864640}.Release|x64.Build.0 = Release|x64
		{3A785226-DBF6-445E-B4F3-CE2BA1864640}.Release|x86.ActiveCfg = Release|Win32
		{3A785226-DBF6-445E-B4F3-CE2BA1864640}.Release|x86.Build.0 = Release|Win32
		{300BE814-72D0-4C10-ABF5-6E227D61BE72}.Debug|x64.ActiveCfg = Debug|x64
		{300BE814-72D0-4C10-ABF5-6E227D61BE72}.Debug|x64.Build.0 = Debug|x64
		{300BE814-72D0-4C10-ABF5-6E227D61BE72}.Debug|x86.ActiveCfg = Debug|Win32
		{300BE814-72D0-4C10-ABF5-6E227D61BE72}.Debug|x86.Build.0 = Debug|Win32
		{300BE814-72D0-4C10-ABF5-6E227D61BE72}.Release|x64.ActiveCfg = Release|x64
		{300BE814-72D0-4C10-ABF5-6E227D61BE72}.Release|x64.Build.0 = Release|x64
		{300BE814-72D0-4C10-ABF5-6E227D61BE72}.Release|x86.ActiveCfg = Release|Win32
		{300BE814-72D0-4C10-ABF5-6E227D61BE72}.Release|x86.Build.0 = Release|Win32
		{A5DA8528-3D01-41EC-8D7D-168C46A20EAB}.Debug|x64.ActiveCfg = Debug|x64
		{A5DA8528-3D01-41EC-8D7D-168C46A20EAB}.Debug|x64.Build.0 = Debug|x64
		{A5DA8528-3D01-41EC-8D7D-168C46A20EAB}.Debug|x86.ActiveCfg = Debug|Win32
		{A5DA8528-3D01-41EC-8D7D-168C46A20EAB}.Debug|x86.Build.0 = Debug|Win32
		{A5DA8528-3D01-41EC-8D7D-168C46A20EAB}.Release|x64.ActiveCfg = Release|x64
		{A5DA8528-3D01-41EC-8D7D-168C46A20EAB}.Release|x64.Build.0 = Release|x64
		{A5DA8528-3D01-41EC-8D7D-168C46A20EAB}.Release|x86.ActiveCfg = Release|Win32
		{A5DA8528-3D01-41EC-8D7D-168C46A20EAB}.Release|x86.Build.0 = Release|Win32
		{98C5D63D-1310-4E47-BE43-C6BE25153595}.Debug|x64.ActiveCfg = Debug|x64
		{98C5D63D-1310-4E47-BE43-C6BE25153595}.Debug|x64.Build.0 = Debug|x64
		{98C5D63D-1310-4E47-BE43-C6BE25153595}.Debug|x86.ActiveCfg = Debug|Win32
		{98C5D63D-1310-4E47-BE43-C6BE25153595}.Debug|x86.Build.0 = Debug|Win32
		{98C5D63D-1310-4E47-BE43-C6BE25153595}.Release|x64.ActiveCfg = Release|x64
		{98C5D63D-1310-4E47-BE43-C6BE25153595}.Release|x64.Build.0 = Release|x64
		{98C5D63D-1310-4E47-BE43-C6BE25153595}.Release|x86.ActiveCfg = Release|Win32
		{98C5D63D-1310-4E47-BE43-C6BE25153595}.Release|x86.Build.0 = Release|Win32
		{648A10B5-D211-49AA-A0DA-67B8B82261E4}.Debug|x64.ActiveCfg = Debug|x64
		{648A10B5-D211-49AA-A0DA-67B8B82261E4}.Debug|x64.Build.0 = Debug|x64
		{648A10B5-D211-49AA-A0DA-67B8B82261E4}.Debug|x86.ActiveCfg = Debug|Win32
		{648A10B5-D211-49AA-A0DA-67B8B82261E4}.Debug|x86.Build.0 = Debug|Win32
		{648A10B5-D211-49AA-A0DA-67B8B82261E4}.Release|x64.ActiveCfg = Release|x64
		{648A10B5-D211-49AA-A0DA-67B8B82261E4}.Release|x64.Build.0 = Release|x64
		{648A10B5-D211-49AA-A0DA-67B8B82261E4}.Release|x86.ActiveCfg = Release|Win32
		{648A10B5-D211-49AA-A0DA-67B8B82261E4}.Release|x86.Build.0 = Release|Win32
		{8B7D6DF6-8F1F-4807-90D1-929765EEBB25}.Debug|x64.ActiveCfg = Debug|x64
		{8B7D6DF6-8F1F-4807-90D1-929765EEBB25}.Debug|x64.Build.0 = Debug|x64
		{8B7D6DF6-8F1F-4807-90D1-929765EEBB25}.Debug|x86.ActiveCfg = Debug|Win32
		{8B7D6DF6-8F1F-4807-90D1-929765EEBB25}.Debug|x86.Build.0 = Debug|Win32
		{8B7D6DF6-8F1F-4807-90D1-929765EEBB25}.Release|x64.ActiveCfg = Release|x64
		{8B7D6DF6-8F1F-4807-90D1-929765EEBB25}.Release|x64.Build.0 = Release|x64
		{8B7D6DF6-8F1F-4807-90D1-929765EEBB25}.Release|x86.ActiveCfg = Release|Win32
		{8B7D6DF6-8F1F-4807-90D1-929765EEBB25}.Release|x86.Build.0 = Release|Win32
		{6DF7CDC1-7A8E-4997-BF15-5618AB39E10E}.Debug|x64.ActiveCfg = Debug|x64
		{6DF7CDC1-7A8E-4997-BF15-5618AB39E10E}.Debug|x64.Build.0 = Debug|x64
		{6DF7CDC1-7A8E-4997-BF15-5618AB39E10E}.Debug|x86.ActiveCfg = Debug|Win32
		{6DF7CDC1-7A8E-4997-BF15-5618AB39E10E}.Debug|x86.Build.0 = Debug|Win32
		{6DF7CDC1-7A8E-4997-BF15-5618AB39E10E}.Release|x64.ActiveCfg = Release|x64
		{6DF7CDC1-7A8E-4997-BF15-5618AB39E10E}.Release|x64.Build.0 = Release|x64
		{6DF7CDC1-7A8E-4997-BF15-5618AB39E10E}.Release|x86.ActiveCfg = Release|Win32
		{6DF7CDC1-7A8E-4997-BF15-5618AB39E10E}.Release|x86.Build.0 = Release|Win32
	EndGlobalSection
	GlobalSection(SolutionProperties) = preSolution
		HideSolutionNode = FALSE
	EndGlobalSection
	GlobalSection(ExtensibilityGlobals) = postSolution
		SolutionGuid = {28D0F978-0A67-4B94-AA14-1AF3AEC20FE4}
	EndGlobalSection
EndGlobal
