
Microsoft Visual Studio Solution File, Format Version 12.00
# Visual Studio Version 17
VisualStudioVersion = 17.10.35122.118
MinimumVisualStudioVersion = 10.0.40219.1
Project("{8BC9CEB8-8B4A-11D0-8D11-00A0C91BC942}") = "01_IntroToCPlusPlus", "01_IntroToCPlusPlus\01_IntroToCPlusPlus.vcxproj", "{E450B247-CFDA-4CE2-87D7-3E65DC2C182D}"
EndProject
Project("{8BC9CEB8-8B4A-11D0-8D11-00A0C91BC942}") = "02_LogicOperators", "02_LogicOperators\02_LogicOperators.vcxproj", "{4AD32B64-35FD-45AF-B01E-2D47B8C1B1F4}"
EndProject
Project("{8BC9CEB8-8B4A-11D0-8D11-00A0C91BC942}") = "03_SwitchEnum", "03_SwitchEnum\03_SwitchEnum.vcxproj", "{65C520EA-5D5B-466D-A81D-DAC72CB021CB}"
EndProject
Project("{8BC9CEB8-8B4A-11D0-8D11-00A0C91BC942}") = "04_While", "04_While\04_While.vcxproj", "{FF0E2BD6-D811-482E-8940-BA4B497612EE}"
EndProject
Project("{8BC9CEB8-8B4A-11D0-8D11-00A0C91BC942}") = "05_For", "05_For\05_For.vcxproj", "{03AE723F-506C-4915-8346-2415C3BDDDFE}"
EndProject
Project("{8BC9CEB8-8B4A-11D0-8D11-00A0C91BC942}") = "06_IncludeCycles", "06_IncludeCycles\06_IncludeCycles.vcxproj", "{FAB6E6CB-D3DB-4A56-AD53-E9BDE96AF656}"
EndProject
Project("{8BC9CEB8-8B4A-11D0-8D11-00A0C91BC942}") = "07_Array", "07_Array\07_Array.vcxproj", "{AAC4CC59-6E0C-4FB3-A69A-DB3B58C4860A}"
EndProject
Project("{8BC9CEB8-8B4A-11D0-8D11-00A0C91BC942}") = "08_RandomMatrix", "08_RandomMatrix\08_RandomMatrix.vcxproj", "{3A785226-DBF6-445E-B4F3-CE2BA1864640}"
EndProject
Project("{8BC9CEB8-8B4A-11D0-8D11-00A0C91BC942}") = "09_Functions", "09_Functions\09_Functions.vcxproj", "{300BE814-72D0-4C10-ABF5-6E227D61BE72}"
EndProject
Project("{8BC9CEB8-8B4A-11D0-8D11-00A0C91BC942}") = "10_OverloadFunctionTemplate", "10_OverloadFunctionTemplate\10_OverloadFunctionTemplate.vcxproj", "{A5DA8528-3D01-41EC-8D7D-168C46A20EAB}"
EndProject
Project("{8BC9CEB8-8B4A-11D0-8D11-00A0C91BC942}") = "11_LinearSearchSort", "11_LinearSearchSort\11_LinearSearchSort.vcxproj", "{98C5D63D-1310-4E47-BE43-C6BE25153595}"
EndProject
Project("{8BC9CEB8-8B4A-11D0-8D11-00A0C91BC942}") = "12_Pointer", "12_Pointer\12_Pointer.vcxproj", "{648A10B5-D211-49AA-A0DA-67B8B82261E4}"
EndProject
Project("{8BC9CEB8-8B4A-11D0-8D11-00A0C91BC942}") = "13_PointerInFunctionLinks", "13_PointerInFunctionLinks\13_PointerInFunctionLinks.vcxproj", "{8B7D6DF6-8F1F-4807-90D1-929765EEBB25}"
EndProject
Project("{8BC9CEB8-8B4A-11D0-8D11-00A0C91BC942}") = "14_Links", "14_Links\14_Links.vcxproj", "{6DF7CDC1-7A8E-4997-BF15-5618AB39E10E}"
EndProject
Project("{8BC9CEB8-8B4A-11D0-8D11-00A0C91BC942}") = "15_CStyleLines", "15_CStyleLines\15_CStyleLines.vcxproj", "{44E272B8-E545-48DA-AEAC-6C2C8F8E96DD}"
EndProject
Project("{8BC9CEB8-8B4A-11D0-8D11-00A0C91BC942}") = "16_FormatFunction", "16_FormatFunction\16_FormatFunction.vcxproj", "{07B6E5A0-FEBA-4E59-AC0F-08DA31B685D8}"
EndProject
Project("{8BC9CEB8-8B4A-11D0-8D11-00A0C91BC942}") = "23_IntroToOOP", "23_IntroToOOP\23_IntroToOOP.vcxproj", "{C6A0C07C-E90E-4FFA-A8A4-CEFAE6A527BC}"
EndProject
Project("{8BC9CEB8-8B4A-11D0-8D11-00A0C91BC942}") = "24_Constructor_Destructor", "24_Constructor_Destructor\24_Constructor_Destructor.vcxproj", "{9E6AFF0D-2A0B-446F-A3B6-89152B7633E2}"
EndProject
Project("{8BC9CEB8-8B4A-11D0-8D11-00A0C91BC942}") = "25_CopyConstructor", "25_CopyConstructor\25_CopyConstructor.vcxproj", "{9E499709-2DBA-4E3B-97A7-8F696E503BDE}"
EndProject
Project("{8BC9CEB8-8B4A-11D0-8D11-00A0C91BC942}") = "26_InlineMethodsDelegationStaticFunction", "26_InlineMethodsDelegationStaticFunction\26_InlineMethodsDelegationStaticFunction.vcxproj", "{86D65D2D-719F-41D2-8BA9-8482F24A50AC}"
EndProject
Project("{8BC9CEB8-8B4A-11D0-8D11-00A0C91BC942}") = "27_00_ConstObj", "27_ConstExplicit\27_ConstExplicit.vcxproj", "{0D891130-D0AC-436C-8B65-E28B95CA5007}"
EndProject
Project("{8BC9CEB8-8B4A-11D0-8D11-00A0C91BC942}") = "27_01_Explicit", "27_01_Explicit\27_01_Explicit.vcxproj", "{CB68D3C6-B185-4EA4-93A4-660433E15A72}"
EndProject
Project("{8BC9CEB8-8B4A-11D0-8D11-00A0C91BC942}") = "28_OverloadOperators", "28_OverloadOperators\28_OverloadOperators.vcxproj", "{B7A9AD43-FC1C-4616-9635-C2CDC5D8DC7C}"
EndProject
Project("{8BC9CEB8-8B4A-11D0-8D11-00A0C91BC942}") = "29_Train_Operator()[]", "29_Train_Operator()[]\29_Train_Operator()[].vcxproj", "{FC2932B2-EADD-4B08-B0B7-168FBE0B97C2}"
EndProject
Project("{8BC9CEB8-8B4A-11D0-8D11-00A0C91BC942}") = "29_02_OverloadTypes", "29_02_OverloadTypes\29_02_OverloadTypes.vcxproj", "{A679ADF8-37BB-4AE2-8849-43941DD92469}"
EndProject
Project("{8BC9CEB8-8B4A-11D0-8D11-00A0C91BC942}") = "30_LibraryOprator=", "30_LibraryOprator=\30_LibraryOprator=.vcxproj", "{ACE5C05D-0B90-4975-9DF9-D3F2960A6106}"
EndProject
Project("{8BC9CEB8-8B4A-11D0-8D11-00A0C91BC942}") = "31_TemplateClass", "31_TemplateClass\31_TemplateClass.vcxproj", "{227BDFCE-91F3-410C-AAC5-E0B13859C0B3}"
EndProject
Project("{8BC9CEB8-8B4A-11D0-8D11-00A0C91BC942}") = "31_1_InitializerList", "31_1_InitializerList\31_1_InitializerList.vcxproj", "{EA79143F-A563-4A61-97EA-A6337AD8AD11}"
EndProject
Project("{8BC9CEB8-8B4A-11D0-8D11-00A0C91BC942}") = "32_01_Stack", "32_01_Stack\32_01_Stack.vcxproj", "{89CA03EB-E593-44B3-9AC7-63910004EC3E}"
EndProject
Project("{8BC9CEB8-8B4A-11D0-8D11-00A0C91BC942}") = "32_02_DynamicStack", "32_02_DynamicStack\32_02_DynamicStack.vcxproj", "{BFC0A1F0-A7C8-485C-B02E-94F5A5BE53D1}"
EndProject
Project("{8BC9CEB8-8B4A-11D0-8D11-00A0C91BC942}") = "32_03_Queue", "32_03_Queue\32_03_Queue.vcxproj", "{A786699C-98F0-49C7-AED8-C8078D76C76B}"
EndProject
Project("{8BC9CEB8-8B4A-11D0-8D11-00A0C91BC942}") = "33_QueueWithPriority", "33_QueueWithPriority\33_QueueWithPriority.vcxproj", "{D7FDDC90-F49F-4AF9-8F55-7B42EC1BE4E6}"
EndProject
Project("{8BC9CEB8-8B4A-11D0-8D11-00A0C91BC942}") = "34_SingleLinkedList", "34_SingleLinkedList\34_SingleLinkedList.vcxproj", "{64517C2D-590E-407B-B176-9D21E30C3AAB}"
EndProject
Project("{8BC9CEB8-8B4A-11D0-8D11-00A0C91BC942}") = "35_DoubleLinkedList", "35_DoubleLinkedList\35_DoubleLinkedList.vcxproj", "{A64F561E-9437-41B0-82AE-C267B478A5C6}"
EndProject
Project("{8BC9CEB8-8B4A-11D0-8D11-00A0C91BC942}") = "36_BinaryTree", "36_BinaryTree\36_BinaryTree.vcxproj", "{F0EC16CA-C90A-43F7-B348-FC355BB95AAB}"
EndProject
Project("{8BC9CEB8-8B4A-11D0-8D11-00A0C91BC942}") = "37_Inheritance", "37_Inheritance\37_Inheritance.vcxproj", "{9699DDE5-29C3-44B5-9591-C506EEB404F7}"
EndProject
Project("{8BC9CEB8-8B4A-11D0-8D11-00A0C91BC942}") = "38_InheritancePolymorphism", "38_InheritancePolymorphism\38_InheritancePolymorphism.vcxproj", "{795AF48A-7690-44E0-A0E8-310E991A674A}"
EndProject
Project("{8BC9CEB8-8B4A-11D0-8D11-00A0C91BC942}") = "39_AbstractClass", "39_AbstractClass\39_AbstractClass.vcxproj", "{1300047F-6847-4CF1-B6F0-53E5CF7A8330}"
EndProject
Project("{8BC9CEB8-8B4A-11D0-8D11-00A0C91BC942}") = "40_VirtualDestructor", "40_VirtualDestructor\40_VirtualDestructor.vcxproj", "{1409498C-38CA-434E-B20D-2422D8F749C4}"
EndProject
Project("{8BC9CEB8-8B4A-11D0-8D11-00A0C91BC942}") = "41_MultyInheritance", "41_MultyInheritance\41_MultyInheritance.vcxproj", "{FE3D7F77-1E80-4C8A-A8C4-8B318F5437F5}"
EndProject
Project("{8BC9CEB8-8B4A-11D0-8D11-00A0C91BC942}") = "42_AgregationComposition", "42_AgregationComposition\42_AgregationComposition.vcxproj", "{9986A0A5-6245-4BF1-B18B-D082A4F3A53F}"
EndProject
Global
	GlobalSection(SolutionConfigurationPlatforms) = preSolution
		Debug|x64 = Debug|x64
		Debug|x86 = Debug|x86
		Release|x64 = Release|x64
		Release|x86 = Release|x86
	EndGlobalSection
	GlobalSection(ProjectConfigurationPlatforms) = postSolution
		{E450B247-CFDA-4CE2-87D7-3E65DC2C182D}.Debug|x64.ActiveCfg = Debug|x64
		{E450B247-CFDA-4CE2-87D7-3E65DC2C182D}.Debug|x64.Build.0 = Debug|x64
		{E450B247-CFDA-4CE2-87D7-3E65DC2C182D}.Debug|x86.ActiveCfg = Debug|Win32
		{E450B247-CFDA-4CE2-87D7-3E65DC2C182D}.Debug|x86.Build.0 = Debug|Win32
		{E450B247-CFDA-4CE2-87D7-3E65DC2C182D}.Release|x64.ActiveCfg = Release|x64
		{E450B247-CFDA-4CE2-87D7-3E65DC2C182D}.Release|x64.Build.0 = Release|x64
		{E450B247-CFDA-4CE2-87D7-3E65DC2C182D}.Release|x86.ActiveCfg = Release|Win32
		{E450B247-CFDA-4CE2-87D7-3E65DC2C182D}.Release|x86.Build.0 = Release|Win32
		{4AD32B64-35FD-45AF-B01E-2D47B8C1B1F4}.Debug|x64.ActiveCfg = Debug|x64
		{4AD32B64-35FD-45AF-B01E-2D47B8C1B1F4}.Debug|x64.Build.0 = Debug|x64
		{4AD32B64-35FD-45AF-B01E-2D47B8C1B1F4}.Debug|x86.ActiveCfg = Debug|Win32
		{4AD32B64-35FD-45AF-B01E-2D47B8C1B1F4}.Debug|x86.Build.0 = Debug|Win32
		{4AD32B64-35FD-45AF-B01E-2D47B8C1B1F4}.Release|x64.ActiveCfg = Release|x64
		{4AD32B64-35FD-45AF-B01E-2D47B8C1B1F4}.Release|x64.Build.0 = Release|x64
		{4AD32B64-35FD-45AF-B01E-2D47B8C1B1F4}.Release|x86.ActiveCfg = Release|Win32
		{4AD32B64-35FD-45AF-B01E-2D47B8C1B1F4}.Release|x86.Build.0 = Release|Win32
		{65C520EA-5D5B-466D-A81D-DAC72CB021CB}.Debug|x64.ActiveCfg = Debug|x64
		{65C520EA-5D5B-466D-A81D-DAC72CB021CB}.Debug|x64.Build.0 = Debug|x64
		{65C520EA-5D5B-466D-A81D-DAC72CB021CB}.Debug|x86.ActiveCfg = Debug|Win32
		{65C520EA-5D5B-466D-A81D-DAC72CB021CB}.Debug|x86.Build.0 = Debug|Win32
		{65C520EA-5D5B-466D-A81D-DAC72CB021CB}.Release|x64.ActiveCfg = Release|x64
		{65C520EA-5D5B-466D-A81D-DAC72CB021CB}.Release|x64.Build.0 = Release|x64
		{65C520EA-5D5B-466D-A81D-DAC72CB021CB}.Release|x86.ActiveCfg = Release|Win32
		{65C520EA-5D5B-466D-A81D-DAC72CB021CB}.Release|x86.Build.0 = Release|Win32
		{FF0E2BD6-D811-482E-8940-BA4B497612EE}.Debug|x64.ActiveCfg = Debug|x64
		{FF0E2BD6-D811-482E-8940-BA4B497612EE}.Debug|x64.Build.0 = Debug|x64
		{FF0E2BD6-D811-482E-8940-BA4B497612EE}.Debug|x86.ActiveCfg = Debug|Win32
		{FF0E2BD6-D811-482E-8940-BA4B497612EE}.Debug|x86.Build.0 = Debug|Win32
		{FF0E2BD6-D811-482E-8940-BA4B497612EE}.Release|x64.ActiveCfg = Release|x64
		{FF0E2BD6-D811-482E-8940-BA4B497612EE}.Release|x64.Build.0 = Release|x64
		{FF0E2BD6-D811-482E-8940-BA4B497612EE}.Release|x86.ActiveCfg = Release|Win32
		{FF0E2BD6-D811-482E-8940-BA4B497612EE}.Release|x86.Build.0 = Release|Win32
		{03AE723F-506C-4915-8346-2415C3BDDDFE}.Debug|x64.ActiveCfg = Debug|x64
		{03AE723F-506C-4915-8346-2415C3BDDDFE}.Debug|x64.Build.0 = Debug|x64
		{03AE723F-506C-4915-8346-2415C3BDDDFE}.Debug|x86.ActiveCfg = Debug|Win32
		{03AE723F-506C-4915-8346-2415C3BDDDFE}.Debug|x86.Build.0 = Debug|Win32
		{03AE723F-506C-4915-8346-2415C3BDDDFE}.Release|x64.ActiveCfg = Release|x64
		{03AE723F-506C-4915-8346-2415C3BDDDFE}.Release|x64.Build.0 = Release|x64
		{03AE723F-506C-4915-8346-2415C3BDDDFE}.Release|x86.ActiveCfg = Release|Win32
		{03AE723F-506C-4915-8346-2415C3BDDDFE}.Release|x86.Build.0 = Release|Win32
		{FAB6E6CB-D3DB-4A56-AD53-E9BDE96AF656}.Debug|x64.ActiveCfg = Debug|x64
		{FAB6E6CB-D3DB-4A56-AD53-E9BDE96AF656}.Debug|x64.Build.0 = Debug|x64
		{FAB6E6CB-D3DB-4A56-AD53-E9BDE96AF656}.Debug|x86.ActiveCfg = Debug|Win32
		{FAB6E6CB-D3DB-4A56-AD53-E9BDE96AF656}.Debug|x86.Build.0 = Debug|Win32
		{FAB6E6CB-D3DB-4A56-AD53-E9BDE96AF656}.Release|x64.ActiveCfg = Release|x64
		{FAB6E6CB-D3DB-4A56-AD53-E9BDE96AF656}.Release|x64.Build.0 = Release|x64
		{FAB6E6CB-D3DB-4A56-AD53-E9BDE96AF656}.Release|x86.ActiveCfg = Release|Win32
		{FAB6E6CB-D3DB-4A56-AD53-E9BDE96AF656}.Release|x86.Build.0 = Release|Win32
		{AAC4CC59-6E0C-4FB3-A69A-DB3B58C4860A}.Debug|x64.ActiveCfg = Debug|x64
		{AAC4CC59-6E0C-4FB3-A69A-DB3B58C4860A}.Debug|x64.Build.0 = Debug|x64
		{AAC4CC59-6E0C-4FB3-A69A-DB3B58C4860A}.Debug|x86.ActiveCfg = Debug|Win32
		{AAC4CC59-6E0C-4FB3-A69A-DB3B58C4860A}.Debug|x86.Build.0 = Debug|Win32
		{AAC4CC59-6E0C-4FB3-A69A-DB3B58C4860A}.Release|x64.ActiveCfg = Release|x64
		{AAC4CC59-6E0C-4FB3-A69A-DB3B58C4860A}.Release|x64.Build.0 = Release|x64
		{AAC4CC59-6E0C-4FB3-A69A-DB3B58C4860A}.Release|x86.ActiveCfg = Release|Win32
		{AAC4CC59-6E0C-4FB3-A69A-DB3B58C4860A}.Release|x86.Build.0 = Release|Win32
		{3A785226-DBF6-445E-B4F3-CE2BA1864640}.Debug|x64.ActiveCfg = Debug|x64
		{3A785226-DBF6-445E-B4F3-CE2BA1864640}.Debug|x64.Build.0 = Debug|x64
		{3A785226-DBF6-445E-B4F3-CE2BA1864640}.Debug|x86.ActiveCfg = Debug|Win32
		{3A785226-DBF6-445E-B4F3-CE2BA1864640}.Debug|x86.Build.0 = Debug|Win32
		{3A785226-DBF6-445E-B4F3-CE2BA1864640}.Release|x64.ActiveCfg = Release|x64
		{3A785226-DBF6-445E-B4F3-CE2BA1864640}.Release|x64.Build.0 = Release|x64
		{3A785226-DBF6-445E-B4F3-CE2BA1864640}.Release|x86.ActiveCfg = Release|Win32
		{3A785226-DBF6-445E-B4F3-CE2BA1864640}.Release|x86.Build.0 = Release|Win32
		{300BE814-72D0-4C10-ABF5-6E227D61BE72}.Debug|x64.ActiveCfg = Debug|x64
		{300BE814-72D0-4C10-ABF5-6E227D61BE72}.Debug|x64.Build.0 = Debug|x64
		{300BE814-72D0-4C10-ABF5-6E227D61BE72}.Debug|x86.ActiveCfg = Debug|Win32
		{300BE814-72D0-4C10-ABF5-6E227D61BE72}.Debug|x86.Build.0 = Debug|Win32
		{300BE814-72D0-4C10-ABF5-6E227D61BE72}.Release|x64.ActiveCfg = Release|x64
		{300BE814-72D0-4C10-ABF5-6E227D61BE72}.Release|x64.Build.0 = Release|x64
		{300BE814-72D0-4C10-ABF5-6E227D61BE72}.Release|x86.ActiveCfg = Release|Win32
		{300BE814-72D0-4C10-ABF5-6E227D61BE72}.Release|x86.Build.0 = Release|Win32
		{A5DA8528-3D01-41EC-8D7D-168C46A20EAB}.Debug|x64.ActiveCfg = Debug|x64
		{A5DA8528-3D01-41EC-8D7D-168C46A20EAB}.Debug|x64.Build.0 = Debug|x64
		{A5DA8528-3D01-41EC-8D7D-168C46A20EAB}.Debug|x86.ActiveCfg = Debug|Win32
		{A5DA8528-3D01-41EC-8D7D-168C46A20EAB}.Debug|x86.Build.0 = Debug|Win32
		{A5DA8528-3D01-41EC-8D7D-168C46A20EAB}.Release|x64.ActiveCfg = Release|x64
		{A5DA8528-3D01-41EC-8D7D-168C46A20EAB}.Release|x64.Build.0 = Release|x64
		{A5DA8528-3D01-41EC-8D7D-168C46A20EAB}.Release|x86.ActiveCfg = Release|Win32
		{A5DA8528-3D01-41EC-8D7D-168C46A20EAB}.Release|x86.Build.0 = Release|Win32
		{98C5D63D-1310-4E47-BE43-C6BE25153595}.Debug|x64.ActiveCfg = Debug|x64
		{98C5D63D-1310-4E47-BE43-C6BE25153595}.Debug|x64.Build.0 = Debug|x64
		{98C5D63D-1310-4E47-BE43-C6BE25153595}.Debug|x86.ActiveCfg = Debug|Win32
		{98C5D63D-1310-4E47-BE43-C6BE25153595}.Debug|x86.Build.0 = Debug|Win32
		{98C5D63D-1310-4E47-BE43-C6BE25153595}.Release|x64.ActiveCfg = Release|x64
		{98C5D63D-1310-4E47-BE43-C6BE25153595}.Release|x64.Build.0 = Release|x64
		{98C5D63D-1310-4E47-BE43-C6BE25153595}.Release|x86.ActiveCfg = Release|Win32
		{98C5D63D-1310-4E47-BE43-C6BE25153595}.Release|x86.Build.0 = Release|Win32
		{648A10B5-D211-49AA-A0DA-67B8B82261E4}.Debug|x64.ActiveCfg = Debug|x64
		{648A10B5-D211-49AA-A0DA-67B8B82261E4}.Debug|x64.Build.0 = Debug|x64
		{648A10B5-D211-49AA-A0DA-67B8B82261E4}.Debug|x86.ActiveCfg = Debug|Win32
		{648A10B5-D211-49AA-A0DA-67B8B82261E4}.Debug|x86.Build.0 = Debug|Win32
		{648A10B5-D211-49AA-A0DA-67B8B82261E4}.Release|x64.ActiveCfg = Release|x64
		{648A10B5-D211-49AA-A0DA-67B8B82261E4}.Release|x64.Build.0 = Release|x64
		{648A10B5-D211-49AA-A0DA-67B8B82261E4}.Release|x86.ActiveCfg = Release|Win32
		{648A10B5-D211-49AA-A0DA-67B8B82261E4}.Release|x86.Build.0 = Release|Win32
		{8B7D6DF6-8F1F-4807-90D1-929765EEBB25}.Debug|x64.ActiveCfg = Debug|x64
		{8B7D6DF6-8F1F-4807-90D1-929765EEBB25}.Debug|x64.Build.0 = Debug|x64
		{8B7D6DF6-8F1F-4807-90D1-929765EEBB25}.Debug|x86.ActiveCfg = Debug|Win32
		{8B7D6DF6-8F1F-4807-90D1-929765EEBB25}.Debug|x86.Build.0 = Debug|Win32
		{8B7D6DF6-8F1F-4807-90D1-929765EEBB25}.Release|x64.ActiveCfg = Release|x64
		{8B7D6DF6-8F1F-4807-90D1-929765EEBB25}.Release|x64.Build.0 = Release|x64
		{8B7D6DF6-8F1F-4807-90D1-929765EEBB25}.Release|x86.ActiveCfg = Release|Win32
		{8B7D6DF6-8F1F-4807-90D1-929765EEBB25}.Release|x86.Build.0 = Release|Win32
		{6DF7CDC1-7A8E-4997-BF15-5618AB39E10E}.Debug|x64.ActiveCfg = Debug|x64
		{6DF7CDC1-7A8E-4997-BF15-5618AB39E10E}.Debug|x64.Build.0 = Debug|x64
		{6DF7CDC1-7A8E-4997-BF15-5618AB39E10E}.Debug|x86.ActiveCfg = Debug|Win32
		{6DF7CDC1-7A8E-4997-BF15-5618AB39E10E}.Debug|x86.Build.0 = Debug|Win32
		{6DF7CDC1-7A8E-4997-BF15-5618AB39E10E}.Release|x64.ActiveCfg = Release|x64
		{6DF7CDC1-7A8E-4997-BF15-5618AB39E10E}.Release|x64.Build.0 = Release|x64
		{6DF7CDC1-7A8E-4997-BF15-5618AB39E10E}.Release|x86.ActiveCfg = Release|Win32
		{6DF7CDC1-7A8E-4997-BF15-5618AB39E10E}.Release|x86.Build.0 = Release|Win32
		{44E272B8-E545-48DA-AEAC-6C2C8F8E96DD}.Debug|x64.ActiveCfg = Debug|x64
		{44E272B8-E545-48DA-AEAC-6C2C8F8E96DD}.Debug|x64.Build.0 = Debug|x64
		{44E272B8-E545-48DA-AEAC-6C2C8F8E96DD}.Debug|x86.ActiveCfg = Debug|Win32
		{44E272B8-E545-48DA-AEAC-6C2C8F8E96DD}.Debug|x86.Build.0 = Debug|Win32
		{44E272B8-E545-48DA-AEAC-6C2C8F8E96DD}.Release|x64.ActiveCfg = Release|x64
		{44E272B8-E545-48DA-AEAC-6C2C8F8E96DD}.Release|x64.Build.0 = Release|x64
		{44E272B8-E545-48DA-AEAC-6C2C8F8E96DD}.Release|x86.ActiveCfg = Release|Win32
		{44E272B8-E545-48DA-AEAC-6C2C8F8E96DD}.Release|x86.Build.0 = Release|Win32
		{07B6E5A0-FEBA-4E59-AC0F-08DA31B685D8}.Debug|x64.ActiveCfg = Debug|x64
		{07B6E5A0-FEBA-4E59-AC0F-08DA31B685D8}.Debug|x64.Build.0 = Debug|x64
		{07B6E5A0-FEBA-4E59-AC0F-08DA31B685D8}.Debug|x86.ActiveCfg = Debug|Win32
		{07B6E5A0-FEBA-4E59-AC0F-08DA31B685D8}.Debug|x86.Build.0 = Debug|Win32
		{07B6E5A0-FEBA-4E59-AC0F-08DA31B685D8}.Release|x64.ActiveCfg = Release|x64
		{07B6E5A0-FEBA-4E59-AC0F-08DA31B685D8}.Release|x64.Build.0 = Release|x64
		{07B6E5A0-FEBA-4E59-AC0F-08DA31B685D8}.Release|x86.ActiveCfg = Release|Win32
		{07B6E5A0-FEBA-4E59-AC0F-08DA31B685D8}.Release|x86.Build.0 = Release|Win32
		{C6A0C07C-E90E-4FFA-A8A4-CEFAE6A527BC}.Debug|x64.ActiveCfg = Debug|x64
		{C6A0C07C-E90E-4FFA-A8A4-CEFAE6A527BC}.Debug|x64.Build.0 = Debug|x64
		{C6A0C07C-E90E-4FFA-A8A4-CEFAE6A527BC}.Debug|x86.ActiveCfg = Debug|Win32
		{C6A0C07C-E90E-4FFA-A8A4-CEFAE6A527BC}.Debug|x86.Build.0 = Debug|Win32
		{C6A0C07C-E90E-4FFA-A8A4-CEFAE6A527BC}.Release|x64.ActiveCfg = Release|x64
		{C6A0C07C-E90E-4FFA-A8A4-CEFAE6A527BC}.Release|x64.Build.0 = Release|x64
		{C6A0C07C-E90E-4FFA-A8A4-CEFAE6A527BC}.Release|x86.ActiveCfg = Release|Win32
		{C6A0C07C-E90E-4FFA-A8A4-CEFAE6A527BC}.Release|x86.Build.0 = Release|Win32
		{9E6AFF0D-2A0B-446F-A3B6-89152B7633E2}.Debug|x64.ActiveCfg = Debug|x64
		{9E6AFF0D-2A0B-446F-A3B6-89152B7633E2}.Debug|x64.Build.0 = Debug|x64
		{9E6AFF0D-2A0B-446F-A3B6-89152B7633E2}.Debug|x86.ActiveCfg = Debug|Win32
		{9E6AFF0D-2A0B-446F-A3B6-89152B7633E2}.Debug|x86.Build.0 = Debug|Win32
		{9E6AFF0D-2A0B-446F-A3B6-89152B7633E2}.Release|x64.ActiveCfg = Release|x64
		{9E6AFF0D-2A0B-446F-A3B6-89152B7633E2}.Release|x64.Build.0 = Release|x64
		{9E6AFF0D-2A0B-446F-A3B6-89152B7633E2}.Release|x86.ActiveCfg = Release|Win32
		{9E6AFF0D-2A0B-446F-A3B6-89152B7633E2}.Release|x86.Build.0 = Release|Win32
		{9E499709-2DBA-4E3B-97A7-8F696E503BDE}.Debug|x64.ActiveCfg = Debug|x64
		{9E499709-2DBA-4E3B-97A7-8F696E503BDE}.Debug|x64.Build.0 = Debug|x64
		{9E499709-2DBA-4E3B-97A7-8F696E503BDE}.Debug|x86.ActiveCfg = Debug|Win32
		{9E499709-2DBA-4E3B-97A7-8F696E503BDE}.Debug|x86.Build.0 = Debug|Win32
		{9E499709-2DBA-4E3B-97A7-8F696E503BDE}.Release|x64.ActiveCfg = Release|x64
		{9E499709-2DBA-4E3B-97A7-8F696E503BDE}.Release|x64.Build.0 = Release|x64
		{9E499709-2DBA-4E3B-97A7-8F696E503BDE}.Release|x86.ActiveCfg = Release|Win32
		{9E499709-2DBA-4E3B-97A7-8F696E503BDE}.Release|x86.Build.0 = Release|Win32
		{86D65D2D-719F-41D2-8BA9-8482F24A50AC}.Debug|x64.ActiveCfg = Debug|x64
		{86D65D2D-719F-41D2-8BA9-8482F24A50AC}.Debug|x64.Build.0 = Debug|x64
		{86D65D2D-719F-41D2-8BA9-8482F24A50AC}.Debug|x86.ActiveCfg = Debug|Win32
		{86D65D2D-719F-41D2-8BA9-8482F24A50AC}.Debug|x86.Build.0 = Debug|Win32
		{86D65D2D-719F-41D2-8BA9-8482F24A50AC}.Release|x64.ActiveCfg = Release|x64
		{86D65D2D-719F-41D2-8BA9-8482F24A50AC}.Release|x64.Build.0 = Release|x64
		{86D65D2D-719F-41D2-8BA9-8482F24A50AC}.Release|x86.ActiveCfg = Release|Win32
		{86D65D2D-719F-41D2-8BA9-8482F24A50AC}.Release|x86.Build.0 = Release|Win32
		{0D891130-D0AC-436C-8B65-E28B95CA5007}.Debug|x64.ActiveCfg = Debug|x64
		{0D891130-D0AC-436C-8B65-E28B95CA5007}.Debug|x64.Build.0 = Debug|x64
		{0D891130-D0AC-436C-8B65-E28B95CA5007}.Debug|x86.ActiveCfg = Debug|Win32
		{0D891130-D0AC-436C-8B65-E28B95CA5007}.Debug|x86.Build.0 = Debug|Win32
		{0D891130-D0AC-436C-8B65-E28B95CA5007}.Release|x64.ActiveCfg = Release|x64
		{0D891130-D0AC-436C-8B65-E28B95CA5007}.Release|x64.Build.0 = Release|x64
		{0D891130-D0AC-436C-8B65-E28B95CA5007}.Release|x86.ActiveCfg = Release|Win32
		{0D891130-D0AC-436C-8B65-E28B95CA5007}.Release|x86.Build.0 = Release|Win32
		{CB68D3C6-B185-4EA4-93A4-660433E15A72}.Debug|x64.ActiveCfg = Debug|x64
		{CB68D3C6-B185-4EA4-93A4-660433E15A72}.Debug|x64.Build.0 = Debug|x64
		{CB68D3C6-B185-4EA4-93A4-660433E15A72}.Debug|x86.ActiveCfg = Debug|Win32
		{CB68D3C6-B185-4EA4-93A4-660433E15A72}.Debug|x86.Build.0 = Debug|Win32
		{CB68D3C6-B185-4EA4-93A4-660433E15A72}.Release|x64.ActiveCfg = Release|x64
		{CB68D3C6-B185-4EA4-93A4-660433E15A72}.Release|x64.Build.0 = Release|x64
		{CB68D3C6-B185-4EA4-93A4-660433E15A72}.Release|x86.ActiveCfg = Release|Win32
		{CB68D3C6-B185-4EA4-93A4-660433E15A72}.Release|x86.Build.0 = Release|Win32
		{B7A9AD43-FC1C-4616-9635-C2CDC5D8DC7C}.Debug|x64.ActiveCfg = Debug|x64
		{B7A9AD43-FC1C-4616-9635-C2CDC5D8DC7C}.Debug|x64.Build.0 = Debug|x64
		{B7A9AD43-FC1C-4616-9635-C2CDC5D8DC7C}.Debug|x86.ActiveCfg = Debug|Win32
		{B7A9AD43-FC1C-4616-9635-C2CDC5D8DC7C}.Debug|x86.Build.0 = Debug|Win32
		{B7A9AD43-FC1C-4616-9635-C2CDC5D8DC7C}.Release|x64.ActiveCfg = Release|x64
		{B7A9AD43-FC1C-4616-9635-C2CDC5D8DC7C}.Release|x64.Build.0 = Release|x64
		{B7A9AD43-FC1C-4616-9635-C2CDC5D8DC7C}.Release|x86.ActiveCfg = Release|Win32
		{B7A9AD43-FC1C-4616-9635-C2CDC5D8DC7C}.Release|x86.Build.0 = Release|Win32
		{FC2932B2-EADD-4B08-B0B7-168FBE0B97C2}.Debug|x64.ActiveCfg = Debug|x64
		{FC2932B2-EADD-4B08-B0B7-168FBE0B97C2}.Debug|x64.Build.0 = Debug|x64
		{FC2932B2-EADD-4B08-B0B7-168FBE0B97C2}.Debug|x86.ActiveCfg = Debug|Win32
		{FC2932B2-EADD-4B08-B0B7-168FBE0B97C2}.Debug|x86.Build.0 = Debug|Win32
		{FC2932B2-EADD-4B08-B0B7-168FBE0B97C2}.Release|x64.ActiveCfg = Release|x64
		{FC2932B2-EADD-4B08-B0B7-168FBE0B97C2}.Release|x64.Build.0 = Release|x64
		{FC2932B2-EADD-4B08-B0B7-168FBE0B97C2}.Release|x86.ActiveCfg = Release|Win32
		{FC2932B2-EADD-4B08-B0B7-168FBE0B97C2}.Release|x86.Build.0 = Release|Win32
		{A679ADF8-37BB-4AE2-8849-43941DD92469}.Debug|x64.ActiveCfg = Debug|x64
		{A679ADF8-37BB-4AE2-8849-43941DD92469}.Debug|x64.Build.0 = Debug|x64
		{A679ADF8-37BB-4AE2-8849-43941DD92469}.Debug|x86.ActiveCfg = Debug|Win32
		{A679ADF8-37BB-4AE2-8849-43941DD92469}.Debug|x86.Build.0 = Debug|Win32
		{A679ADF8-37BB-4AE2-8849-43941DD92469}.Release|x64.ActiveCfg = Release|x64
		{A679ADF8-37BB-4AE2-8849-43941DD92469}.Release|x64.Build.0 = Release|x64
		{A679ADF8-37BB-4AE2-8849-43941DD92469}.Release|x86.ActiveCfg = Release|Win32
		{A679ADF8-37BB-4AE2-8849-43941DD92469}.Release|x86.Build.0 = Release|Win32
		{ACE5C05D-0B90-4975-9DF9-D3F2960A6106}.Debug|x64.ActiveCfg = Debug|x64
		{ACE5C05D-0B90-4975-9DF9-D3F2960A6106}.Debug|x64.Build.0 = Debug|x64
		{ACE5C05D-0B90-4975-9DF9-D3F2960A6106}.Debug|x86.ActiveCfg = Debug|Win32
		{ACE5C05D-0B90-4975-9DF9-D3F2960A6106}.Debug|x86.Build.0 = Debug|Win32
		{ACE5C05D-0B90-4975-9DF9-D3F2960A6106}.Release|x64.ActiveCfg = Release|x64
		{ACE5C05D-0B90-4975-9DF9-D3F2960A6106}.Release|x64.Build.0 = Release|x64
		{ACE5C05D-0B90-4975-9DF9-D3F2960A6106}.Release|x86.ActiveCfg = Release|Win32
		{ACE5C05D-0B90-4975-9DF9-D3F2960A6106}.Release|x86.Build.0 = Release|Win32
		{227BDFCE-91F3-410C-AAC5-E0B13859C0B3}.Debug|x64.ActiveCfg = Debug|x64
		{227BDFCE-91F3-410C-AAC5-E0B13859C0B3}.Debug|x64.Build.0 = Debug|x64
		{227BDFCE-91F3-410C-AAC5-E0B13859C0B3}.Debug|x86.ActiveCfg = Debug|Win32
		{227BDFCE-91F3-410C-AAC5-E0B13859C0B3}.Debug|x86.Build.0 = Debug|Win32
		{227BDFCE-91F3-410C-AAC5-E0B13859C0B3}.Release|x64.ActiveCfg = Release|x64
		{227BDFCE-91F3-410C-AAC5-E0B13859C0B3}.Release|x64.Build.0 = Release|x64
		{227BDFCE-91F3-410C-AAC5-E0B13859C0B3}.Release|x86.ActiveCfg = Release|Win32
		{227BDFCE-91F3-410C-AAC5-E0B13859C0B3}.Release|x86.Build.0 = Release|Win32
		{EA79143F-A563-4A61-97EA-A6337AD8AD11}.Debug|x64.ActiveCfg = Debug|x64
		{EA79143F-A563-4A61-97EA-A6337AD8AD11}.Debug|x64.Build.0 = Debug|x64
		{EA79143F-A563-4A61-97EA-A6337AD8AD11}.Debug|x86.ActiveCfg = Debug|Win32
		{EA79143F-A563-4A61-97EA-A6337AD8AD11}.Debug|x86.Build.0 = Debug|Win32
		{EA79143F-A563-4A61-97EA-A6337AD8AD11}.Release|x64.ActiveCfg = Release|x64
		{EA79143F-A563-4A61-97EA-A6337AD8AD11}.Release|x64.Build.0 = Release|x64
		{EA79143F-A563-4A61-97EA-A6337AD8AD11}.Release|x86.ActiveCfg = Release|Win32
		{EA79143F-A563-4A61-97EA-A6337AD8AD11}.Release|x86.Build.0 = Release|Win32
		{89CA03EB-E593-44B3-9AC7-63910004EC3E}.Debug|x64.ActiveCfg = Debug|x64
		{89CA03EB-E593-44B3-9AC7-63910004EC3E}.Debug|x64.Build.0 = Debug|x64
		{89CA03EB-E593-44B3-9AC7-63910004EC3E}.Debug|x86.ActiveCfg = Debug|Win32
		{89CA03EB-E593-44B3-9AC7-63910004EC3E}.Debug|x86.Build.0 = Debug|Win32
		{89CA03EB-E593-44B3-9AC7-63910004EC3E}.Release|x64.ActiveCfg = Release|x64
		{89CA03EB-E593-44B3-9AC7-63910004EC3E}.Release|x64.Build.0 = Release|x64
		{89CA03EB-E593-44B3-9AC7-63910004EC3E}.Release|x86.ActiveCfg = Release|Win32
		{89CA03EB-E593-44B3-9AC7-63910004EC3E}.Release|x86.Build.0 = Release|Win32
		{BFC0A1F0-A7C8-485C-B02E-94F5A5BE53D1}.Debug|x64.ActiveCfg = Debug|x64
		{BFC0A1F0-A7C8-485C-B02E-94F5A5BE53D1}.Debug|x64.Build.0 = Debug|x64
		{BFC0A1F0-A7C8-485C-B02E-94F5A5BE53D1}.Debug|x86.ActiveCfg = Debug|Win32
		{BFC0A1F0-A7C8-485C-B02E-94F5A5BE53D1}.Debug|x86.Build.0 = Debug|Win32
		{BFC0A1F0-A7C8-485C-B02E-94F5A5BE53D1}.Release|x64.ActiveCfg = Release|x64
		{BFC0A1F0-A7C8-485C-B02E-94F5A5BE53D1}.Release|x64.Build.0 = Release|x64
		{BFC0A1F0-A7C8-485C-B02E-94F5A5BE53D1}.Release|x86.ActiveCfg = Release|Win32
		{BFC0A1F0-A7C8-485C-B02E-94F5A5BE53D1}.Release|x86.Build.0 = Release|Win32
		{A786699C-98F0-49C7-AED8-C8078D76C76B}.Debug|x64.ActiveCfg = Debug|x64
		{A786699C-98F0-49C7-AED8-C8078D76C76B}.Debug|x64.Build.0 = Debug|x64
		{A786699C-98F0-49C7-AED8-C8078D76C76B}.Debug|x86.ActiveCfg = Debug|Win32
		{A786699C-98F0-49C7-AED8-C8078D76C76B}.Debug|x86.Build.0 = Debug|Win32
		{A786699C-98F0-49C7-AED8-C8078D76C76B}.Release|x64.ActiveCfg = Release|x64
		{A786699C-98F0-49C7-AED8-C8078D76C76B}.Release|x64.Build.0 = Release|x64
		{A786699C-98F0-49C7-AED8-C8078D76C76B}.Release|x86.ActiveCfg = Release|Win32
		{A786699C-98F0-49C7-AED8-C8078D76C76B}.Release|x86.Build.0 = Release|Win32
		{D7FDDC90-F49F-4AF9-8F55-7B42EC1BE4E6}.Debug|x64.ActiveCfg = Debug|x64
		{D7FDDC90-F49F-4AF9-8F55-7B42EC1BE4E6}.Debug|x64.Build.0 = Debug|x64
		{D7FDDC90-F49F-4AF9-8F55-7B42EC1BE4E6}.Debug|x86.ActiveCfg = Debug|Win32
		{D7FDDC90-F49F-4AF9-8F55-7B42EC1BE4E6}.Debug|x86.Build.0 = Debug|Win32
		{D7FDDC90-F49F-4AF9-8F55-7B42EC1BE4E6}.Release|x64.ActiveCfg = Release|x64
		{D7FDDC90-F49F-4AF9-8F55-7B42EC1BE4E6}.Release|x64.Build.0 = Release|x64
		{D7FDDC90-F49F-4AF9-8F55-7B42EC1BE4E6}.Release|x86.ActiveCfg = Release|Win32
		{D7FDDC90-F49F-4AF9-8F55-7B42EC1BE4E6}.Release|x86.Build.0 = Release|Win32
		{64517C2D-590E-407B-B176-9D21E30C3AAB}.Debug|x64.ActiveCfg = Debug|x64
		{64517C2D-590E-407B-B176-9D21E30C3AAB}.Debug|x64.Build.0 = Debug|x64
		{64517C2D-590E-407B-B176-9D21E30C3AAB}.Debug|x86.ActiveCfg = Debug|Win32
		{64517C2D-590E-407B-B176-9D21E30C3AAB}.Debug|x86.Build.0 = Debug|Win32
		{64517C2D-590E-407B-B176-9D21E30C3AAB}.Release|x64.ActiveCfg = Release|x64
		{64517C2D-590E-407B-B176-9D21E30C3AAB}.Release|x64.Build.0 = Release|x64
		{64517C2D-590E-407B-B176-9D21E30C3AAB}.Release|x86.ActiveCfg = Release|Win32
		{64517C2D-590E-407B-B176-9D21E30C3AAB}.Release|x86.Build.0 = Release|Win32
		{A64F561E-9437-41B0-82AE-C267B478A5C6}.Debug|x64.ActiveCfg = Debug|x64
		{A64F561E-9437-41B0-82AE-C267B478A5C6}.Debug|x64.Build.0 = Debug|x64
		{A64F561E-9437-41B0-82AE-C267B478A5C6}.Debug|x86.ActiveCfg = Debug|Win32
		{A64F561E-9437-41B0-82AE-C267B478A5C6}.Debug|x86.Build.0 = Debug|Win32
		{A64F561E-9437-41B0-82AE-C267B478A5C6}.Release|x64.ActiveCfg = Release|x64
		{A64F561E-9437-41B0-82AE-C267B478A5C6}.Release|x64.Build.0 = Release|x64
		{A64F561E-9437-41B0-82AE-C267B478A5C6}.Release|x86.ActiveCfg = Release|Win32
		{A64F561E-9437-41B0-82AE-C267B478A5C6}.Release|x86.Build.0 = Release|Win32
		{F0EC16CA-C90A-43F7-B348-FC355BB95AAB}.Debug|x64.ActiveCfg = Debug|x64
		{F0EC16CA-C90A-43F7-B348-FC355BB95AAB}.Debug|x64.Build.0 = Debug|x64
		{F0EC16CA-C90A-43F7-B348-FC355BB95AAB}.Debug|x86.ActiveCfg = Debug|Win32
		{F0EC16CA-C90A-43F7-B348-FC355BB95AAB}.Debug|x86.Build.0 = Debug|Win32
		{F0EC16CA-C90A-43F7-B348-FC355BB95AAB}.Release|x64.ActiveCfg = Release|x64
		{F0EC16CA-C90A-43F7-B348-FC355BB95AAB}.Release|x64.Build.0 = Release|x64
		{F0EC16CA-C90A-43F7-B348-FC355BB95AAB}.Release|x86.ActiveCfg = Release|Win32
		{F0EC16CA-C90A-43F7-B348-FC355BB95AAB}.Release|x86.Build.0 = Release|Win32
		{9699DDE5-29C3-44B5-9591-C506EEB404F7}.Debug|x64.ActiveCfg = Debug|x64
		{9699DDE5-29C3-44B5-9591-C506EEB404F7}.Debug|x64.Build.0 = Debug|x64
		{9699DDE5-29C3-44B5-9591-C506EEB404F7}.Debug|x86.ActiveCfg = Debug|Win32
		{9699DDE5-29C3-44B5-9591-C506EEB404F7}.Debug|x86.Build.0 = Debug|Win32
		{9699DDE5-29C3-44B5-9591-C506EEB404F7}.Release|x64.ActiveCfg = Release|x64
		{9699DDE5-29C3-44B5-9591-C506EEB404F7}.Release|x64.Build.0 = Release|x64
		{9699DDE5-29C3-44B5-9591-C506EEB404F7}.Release|x86.ActiveCfg = Release|Win32
		{9699DDE5-29C3-44B5-9591-C506EEB404F7}.Release|x86.Build.0 = Release|Win32
		{795AF48A-7690-44E0-A0E8-310E991A674A}.Debug|x64.ActiveCfg = Debug|x64
		{795AF48A-7690-44E0-A0E8-310E991A674A}.Debug|x64.Build.0 = Debug|x64
		{795AF48A-7690-44E0-A0E8-310E991A674A}.Debug|x86.ActiveCfg = Debug|Win32
		{795AF48A-7690-44E0-A0E8-310E991A674A}.Debug|x86.Build.0 = Debug|Win32
		{795AF48A-7690-44E0-A0E8-310E991A674A}.Release|x64.ActiveCfg = Release|x64
		{795AF48A-7690-44E0-A0E8-310E991A674A}.Release|x64.Build.0 = Release|x64
		{795AF48A-7690-44E0-A0E8-310E991A674A}.Release|x86.ActiveCfg = Release|Win32
		{795AF48A-7690-44E0-A0E8-310E991A674A}.Release|x86.Build.0 = Release|Win32
		{1300047F-6847-4CF1-B6F0-53E5CF7A8330}.Debug|x64.ActiveCfg = Debug|x64
		{1300047F-6847-4CF1-B6F0-53E5CF7A8330}.Debug|x64.Build.0 = Debug|x64
		{1300047F-6847-4CF1-B6F0-53E5CF7A8330}.Debug|x86.ActiveCfg = Debug|Win32
		{1300047F-6847-4CF1-B6F0-53E5CF7A8330}.Debug|x86.Build.0 = Debug|Win32
		{1300047F-6847-4CF1-B6F0-53E5CF7A8330}.Release|x64.ActiveCfg = Release|x64
		{1300047F-6847-4CF1-B6F0-53E5CF7A8330}.Release|x64.Build.0 = Release|x64
		{1300047F-6847-4CF1-B6F0-53E5CF7A8330}.Release|x86.ActiveCfg = Release|Win32
		{1300047F-6847-4CF1-B6F0-53E5CF7A8330}.Release|x86.Build.0 = Release|Win32
		{1409498C-38CA-434E-B20D-2422D8F749C4}.Debug|x64.ActiveCfg = Debug|x64
		{1409498C-38CA-434E-B20D-2422D8F749C4}.Debug|x64.Build.0 = Debug|x64
		{1409498C-38CA-434E-B20D-2422D8F749C4}.Debug|x86.ActiveCfg = Debug|Win32
		{1409498C-38CA-434E-B20D-2422D8F749C4}.Debug|x86.Build.0 = Debug|Win32
		{1409498C-38CA-434E-B20D-2422D8F749C4}.Release|x64.ActiveCfg = Release|x64
		{1409498C-38CA-434E-B20D-2422D8F749C4}.Release|x64.Build.0 = Release|x64
		{1409498C-38CA-434E-B20D-2422D8F749C4}.Release|x86.ActiveCfg = Release|Win32
		{1409498C-38CA-434E-B20D-2422D8F749C4}.Release|x86.Build.0 = Release|Win32
		{FE3D7F77-1E80-4C8A-A8C4-8B318F5437F5}.Debug|x64.ActiveCfg = Debug|x64
		{FE3D7F77-1E80-4C8A-A8C4-8B318F5437F5}.Debug|x64.Build.0 = Debug|x64
		{FE3D7F77-1E80-4C8A-A8C4-8B318F5437F5}.Debug|x86.ActiveCfg = Debug|Win32
		{FE3D7F77-1E80-4C8A-A8C4-8B318F5437F5}.Debug|x86.Build.0 = Debug|Win32
		{FE3D7F77-1E80-4C8A-A8C4-8B318F5437F5}.Release|x64.ActiveCfg = Release|x64
		{FE3D7F77-1E80-4C8A-A8C4-8B318F5437F5}.Release|x64.Build.0 = Release|x64
		{FE3D7F77-1E80-4C8A-A8C4-8B318F5437F5}.Release|x86.ActiveCfg = Release|Win32
		{FE3D7F77-1E80-4C8A-A8C4-8B318F5437F5}.Release|x86.Build.0 = Release|Win32
		{9986A0A5-6245-4BF1-B18B-D082A4F3A53F}.Debug|x64.ActiveCfg = Debug|x64
		{9986A0A5-6245-4BF1-B18B-D082A4F3A53F}.Debug|x64.Build.0 = Debug|x64
		{9986A0A5-6245-4BF1-B18B-D082A4F3A53F}.Debug|x86.ActiveCfg = Debug|Win32
		{9986A0A5-6245-4BF1-B18B-D082A4F3A53F}.Debug|x86.Build.0 = Debug|Win32
		{9986A0A5-6245-4BF1-B18B-D082A4F3A53F}.Release|x64.ActiveCfg = Release|x64
		{9986A0A5-6245-4BF1-B18B-D082A4F3A53F}.Release|x64.Build.0 = Release|x64
		{9986A0A5-6245-4BF1-B18B-D082A4F3A53F}.Release|x86.ActiveCfg = Release|Win32
		{9986A0A5-6245-4BF1-B18B-D082A4F3A53F}.Release|x86.Build.0 = Release|Win32
	EndGlobalSection
	GlobalSection(SolutionProperties) = preSolution
		HideSolutionNode = FALSE
	EndGlobalSection
	GlobalSection(ExtensibilityGlobals) = postSolution
		SolutionGuid = {28D0F978-0A67-4B94-AA14-1AF3AEC20FE4}
	EndGlobalSection
EndGlobal
